
Microsoft Visual Studio Solution File, Format Version 12.00
# Visual Studio Version 16
VisualStudioVersion = 16.0.31005.135
MinimumVisualStudioVersion = 10.0.40219.1
Project("{FAE04EC0-301F-11D3-BF4B-00C04F79EFBC}") = "HoodooShop", "HoodooShop.csproj", "{CDBB8D92-501C-4632-BA09-4148572C3CEF}"
EndProject
Global
	GlobalSection(SolutionConfigurationPlatforms) = preSolution
		Debug|Any CPU = Debug|Any CPU
		Release|Any CPU = Release|Any CPU
	EndGlobalSection
	GlobalSection(ProjectConfigurationPlatforms) = postSolution
		{CDBB8D92-501C-4632-BA09-4148572C3CEF}.Debug|Any CPU.ActiveCfg = Debug|Any CPU
		{CDBB8D92-501C-4632-BA09-4148572C3CEF}.Debug|Any CPU.Build.0 = Debug|Any CPU
		{CDBB8D92-501C-4632-BA09-4148572C3CEF}.Release|Any CPU.ActiveCfg = Release|Any CPU
		{CDBB8D92-501C-4632-BA09-4148572C3CEF}.Release|Any CPU.Build.0 = Release|Any CPU
	EndGlobalSection
	GlobalSection(SolutionProperties) = preSolution
		HideSolutionNode = FALSE
	EndGlobalSection
	GlobalSection(ExtensibilityGlobals) = postSolution
		SolutionGuid = {39375976-A75A-4E10-93AC-3A8F655E1737}
	EndGlobalSection
EndGlobal
